
Microsoft Visual Studio Solution File, Format Version 12.00
# Visual Studio Version 16
VisualStudioVersion = 16.0.31129.286
MinimumVisualStudioVersion = 10.0.40219.1
Project("{FAE04EC0-301F-11D3-BF4B-00C04F79EFBC}") = "Agenda", "Agenda.csproj", "{E7070801-CB59-40C0-A8E6-EFF243BAF00F}"
EndProject
Global
	GlobalSection(SolutionConfigurationPlatforms) = preSolution
		Debug|Any CPU = Debug|Any CPU
		Release|Any CPU = Release|Any CPU
	EndGlobalSection
	GlobalSection(ProjectConfigurationPlatforms) = postSolution
		{E7070801-CB59-40C0-A8E6-EFF243BAF00F}.Debug|Any CPU.ActiveCfg = Debug|Any CPU
		{E7070801-CB59-40C0-A8E6-EFF243BAF00F}.Debug|Any CPU.Build.0 = Debug|Any CPU
		{E7070801-CB59-40C0-A8E6-EFF243BAF00F}.Release|Any CPU.ActiveCfg = Release|Any CPU
		{E7070801-CB59-40C0-A8E6-EFF243BAF00F}.Release|Any CPU.Build.0 = Release|Any CPU
	EndGlobalSection
	GlobalSection(SolutionProperties) = preSolution
		HideSolutionNode = FALSE
	EndGlobalSection
	GlobalSection(ExtensibilityGlobals) = postSolution
		SolutionGuid = {9FBFA44D-374A-4EDA-82B2-156673E0D8DA}
	EndGlobalSection
EndGlobal
